# THIS IS AN AUTOGENERATED FILE. DO NOT EDIT THIS FILE DIRECTLY.
# yarn lockfile v1


balanced-match@^1.0.0:
  version "1.0.0"
  resolved "https://registry.yarnpkg.com/balanced-match/-/balanced-match-1.0.0.tgz#89b4d199ab2bee49de164ea02b89ce462d71b767"
  integrity sha1-ibTRmasr7kneFk6gK4nORi1xt2c=

brace-expansion@^1.1.7:
  version "1.1.12"
  resolved "https://registry.yarnpkg.com/brace-expansion/-/brace-expansion-1.1.12.tgz#ab9b454466e5a8cc3a187beaad580412a9c5b843"
  integrity sha512-9T9UjW3r0UW5c1Q7GTwllptXwhvYmEzFhzMfZ9H7FQWt+uZePjZPjBP/W1ZEyZ1twGWom5/56TF4lPcqjnDHcg==
  dependencies:
    balanced-match "^1.0.0"
    concat-map "0.0.1"

coc-css@>=1.2.2:
  version "1.2.2"
  resolved "https://registry.yarnpkg.com/coc-css/-/coc-css-1.2.2.tgz#9b62ac96a9db8c687396ab4648c0c67dc3897a2f"
  integrity sha512-JvZnKZZJZemS70o972OEjfnMGGO2sLpJA3iX1OT3CXmaymPb8CmufboyCVnzGMDMbFL/qHgfjbdw9kOg5ZtzzQ==

coc-eslint@>=1.2.4:
  version "3.0.15"
  resolved "https://registry.yarnpkg.com/coc-eslint/-/coc-eslint-3.0.15.tgz#47a9be1c47fa12e4e5bf697bdc023419fa1cc03e"
  integrity sha512-PjTSYXV+/T8r4DgxBsAmi6LhdO12WnTjOr1McGQhNnLVlTAlJj89iL0C5YbZ3oiYLUaNTFG8z+cX+nvt+QtUVA==

coc-git@>=1.6.16:
  version "2.7.7"
  resolved "https://registry.yarnpkg.com/coc-git/-/coc-git-2.7.7.tgz#41a19ab40024b8d1b13c3104798bbf8d82405b85"
  integrity sha512-lZxhZ7YPj01L4HLQD74sW01mqXcniQxHwEUaQ2vrU+qaP0ILpto6/11COS+NxpXR9M0JWugpO/kRcZXfAyaCbg==

coc-highlight@>=1.2.5:
  version "1.2.5"
  resolved "https://registry.yarnpkg.com/coc-highlight/-/coc-highlight-1.2.5.tgz#16f1d3bf16dabe2b78b94c63054c7fae6139a503"
  integrity sha512-fGWz30toD5ORdRpH7WOSbMvNOqzdorCSClTfwIdcb3vJoKPA31wOxFzEMfzR7jlXvusjBaUr1GvTQyu3eOKomw==

coc-html@>=1.2.1:
  version "1.2.1"
  resolved "https://registry.yarnpkg.com/coc-html/-/coc-html-1.2.1.tgz#5df000feddcc304f57932bdb561ad61f773ddfeb"
  integrity sha512-3CAdlJnPnm03qS4/I+eMM16OI3go2v6qtCOirO20GtH+cRt08GjF0Cp6y/EnhfoQOdggNw3xoTfZtfY7loLG5w==
  dependencies:
    typescript "^3"

coc-jest@>=1.0.3:
  version "1.0.3"
  resolved "https://registry.yarnpkg.com/coc-jest/-/coc-jest-1.0.3.tgz#d002f31a5f0abe0ba1599cab352811fc78644daa"
  integrity sha512-ZxgOP00URYcmIUnl1yjxonxbwb4QHEk2JJxxcYyCHo2wJPCVQWB+WYVYzHb0pzrZdDcsj5hk6wXWnLXM5EkRjA==

coc-json@>=1.2.4:
  version "1.9.3"
  resolved "https://registry.yarnpkg.com/coc-json/-/coc-json-1.9.3.tgz#3d95c747320caff3aaf0a691254ef7888ede2d2b"
  integrity sha512-72Lb7fq2Jr2hh+hOfwAHORkFSfmBGieF6tCaQY5n/DVd9He2HrQCRtBK11TVPAaWcloRlnwG0/QLSB8VxhboiQ==

coc-lists@>=1.3.6:
  version "1.5.4"
  resolved "https://registry.yarnpkg.com/coc-lists/-/coc-lists-1.5.4.tgz#cc5b67a0bfa6274ff2357fd01394fd0e08a1ff8e"
  integrity sha512-RROel79iUEzY3ICwqLIfWkftdA95mlluSa933CxfxvZxQiPcnlSd9XWGc770RZOEv6R5TCihht2LRt0Lj1PrGQ==

coc-prettier@>=1.1.11:
  version "11.0.1"
  resolved "https://registry.yarnpkg.com/coc-prettier/-/coc-prettier-11.0.1.tgz#f850a8457aad56a106a363f5c34576899dcd91ae"
  integrity sha512-lh7JQ86B3HXzi530/MiOwVg1OSMJCQwpwme1pSrtNo4ZFuxVcI1p/6TqaPFaU6zXwZvAbbc1VG6L5CVmPVKEpw==
  dependencies:
    prettier "^3.1.1"

coc-rls@>=1.1.4:
  version "1.1.6"
  resolved "https://registry.yarnpkg.com/coc-rls/-/coc-rls-1.1.6.tgz#0f7172bb9d43dbd19157a2a3153a338bac8276c9"
  integrity sha512-/XUM5UjOtnVBHghxBtwHz6C2lWnWgF8kX2+uocc356c2Bn8msQa6mrN0lijhlpDlsomSMPkGpZiY4zS1tNakMw==

coc-snippets@>=2.1.17:
  version "3.4.7"
  resolved "https://registry.yarnpkg.com/coc-snippets/-/coc-snippets-3.4.7.tgz#bbfa1e3c23b18072dc65ea418ad748cdb1bc726c"
  integrity sha512-8Q/es06CsFc/9nAwQ/ibelDYWA036VjMgpdDMxZevtpKBE0Y4RH0XalpvL1vFykmp2OZWFzBaad5fFAZcCmGcQ==

coc-solargraph@>=1.1.5:
  version "1.2.4"
  resolved "https://registry.yarnpkg.com/coc-solargraph/-/coc-solargraph-1.2.4.tgz#1b58084bc586e95ba3d7c9533e6b8101f0a49cc8"
  integrity sha512-Z00v8HmgQyJgv/FKo7FkqWWTPNHeiOgEDqsI4RT9457rEQ8ZF/wLeq38DRihTfIra93GZ3EprVKYCOels6JHgQ==

coc-tabnine@>=1.2.2:
  version "1.3.7"
  resolved "https://registry.yarnpkg.com/coc-tabnine/-/coc-tabnine-1.3.7.tgz#d20fbb7c3f5d08a2637537df2ad0169207e2f37a"
  integrity sha512-aLh9A6/r1/1QZT/1lJnaLdShGHRrCCb3HA57UYeFR0cD1xjRY3YupfmsOwVSbpqv6AufEXeOdbA2enoVhRFY8g==

coc-tslint-plugin@>=1.1.1:
  version "1.1.1"
  resolved "https://registry.yarnpkg.com/coc-tslint-plugin/-/coc-tslint-plugin-1.1.1.tgz#725dda729bb6fd39d13d1f127702cd8e6e3bfd68"
  integrity sha512-eU3YvpRXEGavuzrPSBsmTnFAh/z3ty6ybSn6o762YNKxwGgF88fCpziIZxmsUDE4tsH+dNzrQCX9je9MqR6K6A==
  dependencies:
    typescript-tslint-plugin "0.5.4"

coc-tsserver@>=1.4.9:
  version "2.3.1"
  resolved "https://registry.yarnpkg.com/coc-tsserver/-/coc-tsserver-2.3.1.tgz#5bfd3778a75c6e542d9075e7208d0dc8a6d11507"
  integrity sha512-cAJP4bOApxzr/eFHRSMSDLA8BSoBhIGzPLVNJS44NWeZ8sbFEWwrsTvV97ypQe3EnJdfVGPs0KTg3i45xPgsFA==
  dependencies:
    typescript "^5.3.2"

coc-yank@>=1.1.3:
  version "1.2.5"
  resolved "https://registry.yarnpkg.com/coc-yank/-/coc-yank-1.2.5.tgz#7084eda27022d05d3986b7a88f683f6f606b29d9"
  integrity sha512-NW3otV5OJiH80EnD+44cMiq5q1kDqyKfdWZcGmqcf65DCfrZ8LQMnGcwwi6rMLXh5hjO14i6GjOnxrXgggjcPg==

concat-map@0.0.1:
  version "0.0.1"
  resolved "https://registry.yarnpkg.com/concat-map/-/concat-map-0.0.1.tgz#d8a96bd77fd68df7793a73036a3ba0d5405d477b"
  integrity sha1-2Klr13/Wjfd5OnMDajug1UBdR3s=

get-caller-file@^1.0.2:
  version "1.0.3"
  resolved "https://registry.yarnpkg.com/get-caller-file/-/get-caller-file-1.0.3.tgz#f978fa4c90d1dfe7ff2d6beda2a515e713bdcf4a"
  integrity sha512-3t6rVToeoZfYSGd8YoLFR2DJkiQrIiUrGcjvFX2mDw3bn6k2OtwHN0TNCLbBO+w8qTvimhDkv+LSscbJY1vE6w==

help@>=3.0.2:
  version "3.0.2"
  resolved "https://registry.yarnpkg.com/help/-/help-3.0.2.tgz#96e190d4a0a453b89c2cb4b05ab38e3a8f9fdadd"
  integrity sha1-luGQ1KCkU7icLLSwWrOOOo+f2t0=

"jest-snippets@https://github.com/andys8/vscode-jest-snippets":
  version "1.9.1"
  uid "7acab5211eaa49d29189e223982991fa6d06c634"
  resolved "https://github.com/andys8/vscode-jest-snippets#7acab5211eaa49d29189e223982991fa6d06c634"

minimatch@^3.0.4:
  version "3.0.4"
  resolved "https://registry.yarnpkg.com/minimatch/-/minimatch-3.0.4.tgz#5166e286457f03306064be5497e8dbb0c3d32083"
  integrity sha512-yJHVQEhyqPLUTgt9B83PXu6W3rx4MvvHvSUvToogpwoGDOUQ+yDrR0HRot+yOCdCO7u4hX3pWft6kWBBcqh0UA==
  dependencies:
    brace-expansion "^1.1.7"

mock-require@^3.0.2:
  version "3.0.3"
  resolved "https://registry.yarnpkg.com/mock-require/-/mock-require-3.0.3.tgz#ccd544d9eae81dd576b3f219f69ec867318a1946"
  integrity sha512-lLzfLHcyc10MKQnNUCv7dMcoY/2Qxd6wJfbqCcVk3LDb8An4hF6ohk5AztrvgKhJCqj36uyzi/p5se+tvyD+Wg==
  dependencies:
    get-caller-file "^1.0.2"
    normalize-path "^2.1.1"

normalize-path@^2.1.1:
  version "2.1.1"
  resolved "https://registry.yarnpkg.com/normalize-path/-/normalize-path-2.1.1.tgz#1ab28b556e198363a8c1a6f7e6fa20137fe6aed9"
  integrity sha1-GrKLVW4Zg2Oowab35vogE3/mrtk=
  dependencies:
    remove-trailing-separator "^1.0.1"

prettier@^3.1.1:
  version "3.6.2"
  resolved "https://registry.yarnpkg.com/prettier/-/prettier-3.6.2.tgz#ccda02a1003ebbb2bfda6f83a074978f608b9393"
  integrity sha512-I7AIg5boAr5R0FFtJ6rCfD+LFsWHp81dolrFD8S79U9tb8Az2nGrJncnMSnys+bpQJfRUzqs9hnA81OAA3hCuQ==

remove-trailing-separator@^1.0.1:
  version "1.1.0"
  resolved "https://registry.yarnpkg.com/remove-trailing-separator/-/remove-trailing-separator-1.1.0.tgz#c24bce2a283adad5bc3f58e0d48249b92379d8ef"
  integrity sha1-wkvOKig62tW8P1jg1IJJuSN52O8=

typescript-tslint-plugin@0.5.4:
  version "0.5.4"
  resolved "https://registry.yarnpkg.com/typescript-tslint-plugin/-/typescript-tslint-plugin-0.5.4.tgz#febe0cca1fe65133f4f688841eba68262a1d55a5"
  integrity sha512-CQEfGC+p0SoBARI4N2LrGsWJsp4/OE+uKZ68xsWYKHWqMFq4DFQHqOVlK0deEricSN01NmDTqjap63Pw/DHieg==
  dependencies:
    minimatch "^3.0.4"
    mock-require "^3.0.2"
    vscode-languageserver "^5.1.0"

typescript@^3:
  version "3.6.4"
  resolved "https://registry.yarnpkg.com/typescript/-/typescript-3.6.4.tgz#b18752bb3792bc1a0281335f7f6ebf1bbfc5b91d"
  integrity sha512-unoCll1+l+YK4i4F8f22TaNVPRHcD9PA3yCuZ8g5e0qGqlVlJ/8FSateOLLSagn+Yg5+ZwuPkL8LFUc0Jcvksg==

typescript@^5.3.2:
  version "5.8.3"
  resolved "https://registry.yarnpkg.com/typescript/-/typescript-5.8.3.tgz#92f8a3e5e3cf497356f4178c34cd65a7f5e8440e"
  integrity sha512-p1diW6TqL9L07nNxvRMM7hMMw4c5XOo/1ibL4aAIGmSAt9slTE1Xgw5KWuof2uTOvCg9BY7ZRi+GaF+7sfgPeQ==

vscode-jsonrpc@^4.0.0:
  version "4.0.0"
  resolved "https://registry.yarnpkg.com/vscode-jsonrpc/-/vscode-jsonrpc-4.0.0.tgz#a7bf74ef3254d0a0c272fab15c82128e378b3be9"
  integrity sha512-perEnXQdQOJMTDFNv+UF3h1Y0z4iSiaN9jIlb0OqIYgosPCZGYh/MCUlkFtV2668PL69lRDO32hmvL2yiidUYg==

vscode-languageserver-protocol@3.14.1:
  version "3.14.1"
  resolved "https://registry.yarnpkg.com/vscode-languageserver-protocol/-/vscode-languageserver-protocol-3.14.1.tgz#b8aab6afae2849c84a8983d39a1cf742417afe2f"
  integrity sha512-IL66BLb2g20uIKog5Y2dQ0IiigW0XKrvmWiOvc0yXw80z3tMEzEnHjaGAb3ENuU7MnQqgnYJ1Cl2l9RvNgDi4g==
  dependencies:
    vscode-jsonrpc "^4.0.0"
    vscode-languageserver-types "3.14.0"

vscode-languageserver-types@3.14.0:
  version "3.14.0"
  resolved "https://registry.yarnpkg.com/vscode-languageserver-types/-/vscode-languageserver-types-3.14.0.tgz#d3b5952246d30e5241592b6dde8280e03942e743"
  integrity sha512-lTmS6AlAlMHOvPQemVwo3CezxBp0sNB95KNPkqp3Nxd5VFEnuG1ByM0zlRWos0zjO3ZWtkvhal0COgiV1xIA4A==

vscode-languageserver@^5.1.0:
  version "5.2.1"
  resolved "https://registry.yarnpkg.com/vscode-languageserver/-/vscode-languageserver-5.2.1.tgz#0d2feddd33f92aadf5da32450df498d52f6f14eb"
  integrity sha512-GuayqdKZqAwwaCUjDvMTAVRPJOp/SLON3mJ07eGsx/Iq9HjRymhKWztX41rISqDKhHVVyFM+IywICyZDla6U3A==
  dependencies:
    vscode-languageserver-protocol "3.14.1"
    vscode-uri "^1.0.6"

vscode-uri@^1.0.6:
  version "1.0.8"
  resolved "https://registry.yarnpkg.com/vscode-uri/-/vscode-uri-1.0.8.tgz#9769aaececae4026fb6e22359cb38946580ded59"
  integrity sha512-obtSWTlbJ+a+TFRYGaUumtVwb+InIUVI0Lu0VBUAPmj2cU5JutEXg3xUE0c2J5Tcy7h2DEKVJBFi+Y9ZSFzzPQ==
